
Microsoft Visual Studio Solution File, Format Version 12.00
# Visual Studio 15
VisualStudioVersion = 15.0.28307.852
MinimumVisualStudioVersion = 10.0.40219.1
Project("{159641D6-6404-4A2A-AE62-294DE0FE8301}") = "ETLProject", "ETLProject\ETLProject.dtproj", "{E6EB71DC-8F75-4AAB-9F2A-BA3F442285DF}"
EndProject
Global
	GlobalSection(SolutionConfigurationPlatforms) = preSolution
		Development|Default = Development|Default
	EndGlobalSection
	GlobalSection(ProjectConfigurationPlatforms) = postSolution
		{E6EB71DC-8F75-4AAB-9F2A-BA3F442285DF}.Development|Default.ActiveCfg = Development
		{E6EB71DC-8F75-4AAB-9F2A-BA3F442285DF}.Development|Default.Build.0 = Development
	EndGlobalSection
	GlobalSection(SolutionProperties) = preSolution
		HideSolutionNode = FALSE
	EndGlobalSection
	GlobalSection(ExtensibilityGlobals) = postSolution
		SolutionGuid = {07CF2F14-F17D-444C-B7ED-DCE3280C3BB6}
	EndGlobalSection
EndGlobal
